{
  "nodes": {
    "nixpkgs": {
      "locked": {
        "lastModified": 1756696532,
        "narHash": "sha256-6FWagzm0b7I/IGigOv9pr6LL7NQ86mextfE8g8Q6HBg=",
        "rev": "58dcbf1ec551914c3756c267b8b9c8c86baa1b2f",
        "revCount": 854745,
        "type": "tarball",
        "url": "https://api.flakehub.com/f/pinned/DeterminateSystems/nixpkgs-weekly/0.1.854745%2Brev-58dcbf1ec551914c3756c267b8b9c8c86baa1b2f/019908ed-e731-796e-b7c5-ea173f5d3b8d/source.tar.gz"
      },
      "original": {
        "type": "tarball",
        "url": "https://flakehub.com/f/DeterminateSystems/nixpkgs-weekly/%2A"
      }
    },
    "root": {
      "inputs": {
        "nixpkgs": "nixpkgs"
      }
    }
  },
  "root": "root",
  "version": 7
}
