{
  "nodes": {
    "nixpkgs": {
      "locked": {
        "lastModified": 1747533086,
        "narHash": "sha256-+8goyptSXa7qV0k5uPKyky58jpBjI/qkzsbwCZFvhRY=",
        "rev": "8406224e30c258025cb8b31704bdb977a8f1f009",
        "revCount": 802343,
        "type": "tarball",
        "url": "https://api.flakehub.com/f/pinned/DeterminateSystems/nixpkgs-weekly/0.1.802343%2Brev-8406224e30c258025cb8b31704bdb977a8f1f009/0196ec33-1ffa-76fa-ad14-ac737caf6446/source.tar.gz"
      },
      "original": {
        "type": "tarball",
        "url": "https://flakehub.com/f/DeterminateSystems/nixpkgs-weekly/%2A"
      }
    },
    "root": {
      "inputs": {
        "nixpkgs": "nixpkgs"
      }
    }
  },
  "root": "root",
  "version": 7
}
